
Microsoft Visual Studio Solution File, Format Version 12.00
# Visual Studio Version 17
VisualStudioVersion = 17.7.34031.279
MinimumVisualStudioVersion = 10.0.40219.1
Project("{9A19103F-16F7-4668-BE54-9A1E7A4F7556}") = "DungeonOfGuns", "DungeonOfGuns.csproj", "{933DCCFE-DCB4-48F3-8B36-18D449D5C3D1}"
EndProject
Global
	GlobalSection(SolutionConfigurationPlatforms) = preSolution
		Debug|x64 = Debug|x64
		ExportDebug|x64 = ExportDebug|x64
		ExportRelease|x64 = ExportRelease|x64
	EndGlobalSection
	GlobalSection(ProjectConfigurationPlatforms) = postSolution
		{933DCCFE-DCB4-48F3-8B36-18D449D5C3D1}.Debug|x64.ActiveCfg = ExportRelease|x64
		{933DCCFE-DCB4-48F3-8B36-18D449D5C3D1}.Debug|x64.Build.0 = ExportRelease|x64
		{933DCCFE-DCB4-48F3-8B36-18D449D5C3D1}.ExportDebug|x64.ActiveCfg = ExportDebug|x64
		{933DCCFE-DCB4-48F3-8B36-18D449D5C3D1}.ExportDebug|x64.Build.0 = ExportDebug|x64
		{933DCCFE-DCB4-48F3-8B36-18D449D5C3D1}.ExportRelease|x64.ActiveCfg = ExportRelease|x64
		{933DCCFE-DCB4-48F3-8B36-18D449D5C3D1}.ExportRelease|x64.Build.0 = ExportRelease|x64
	EndGlobalSection
	GlobalSection(SolutionProperties) = preSolution
		HideSolutionNode = FALSE
	EndGlobalSection
	GlobalSection(ExtensibilityGlobals) = postSolution
		SolutionGuid = {09DA102A-565D-4920-8429-D68E910C156F}
	EndGlobalSection
EndGlobal
